
Microsoft Visual Studio Solution File, Format Version 12.00
# Visual Studio Version 17
VisualStudioVersion = 17.5.002.0
MinimumVisualStudioVersion = 10.0.40219.1
Project("{9A19103F-16F7-4668-BE54-9A1E7A4F7556}") = "Community.PowerToys.Run.Plugin.LocalLLM", "Community.PowerToys.Run.Plugin.LocalLLM.csproj", "{7FE068B4-2694-4865-B535-7B3E591049EE}"
EndProject
Global
	GlobalSection(SolutionConfigurationPlatforms) = preSolution
		Debug|Any CPU = Debug|Any CPU
		Release|Any CPU = Release|Any CPU
	EndGlobalSection
	GlobalSection(ProjectConfigurationPlatforms) = postSolution
		{7FE068B4-2694-4865-B535-7B3E591049EE}.Debug|Any CPU.ActiveCfg = Debug|Any CPU
		{7FE068B4-2694-4865-B535-7B3E591049EE}.Debug|Any CPU.Build.0 = Debug|Any CPU
		{7FE068B4-2694-4865-B535-7B3E591049EE}.Release|Any CPU.ActiveCfg = Release|Any CPU
		{7FE068B4-2694-4865-B535-7B3E591049EE}.Release|Any CPU.Build.0 = Release|Any CPU
	EndGlobalSection
	GlobalSection(SolutionProperties) = preSolution
		HideSolutionNode = FALSE
	EndGlobalSection
	GlobalSection(ExtensibilityGlobals) = postSolution
		SolutionGuid = {172C9913-9819-464F-8D72-9CAABDDACB0F}
	EndGlobalSection
EndGlobal
